
Microsoft Visual Studio Solution File, Format Version 12.00
# Visual Studio 2013
VisualStudioVersion = 12.0.30110.0
MinimumVisualStudioVersion = 10.0.40219.1
Project("{FAE04EC0-301F-11D3-BF4B-00C04F79EFBC}") = "Poker_Cards", "Poker_Cards.csproj", "{DC82A03D-AD41-47DD-AC57-A266E76D334B}"
EndProject
Global
	GlobalSection(SolutionConfigurationPlatforms) = preSolution
		Debug|Any CPU = Debug|Any CPU
		Release|Any CPU = Release|Any CPU
	EndGlobalSection
	GlobalSection(ProjectConfigurationPlatforms) = postSolution
		{DC82A03D-AD41-47DD-AC57-A266E76D334B}.Debug|Any CPU.ActiveCfg = Debug|Any CPU
		{DC82A03D-AD41-47DD-AC57-A266E76D334B}.Debug|Any CPU.Build.0 = Debug|Any CPU
		{DC82A03D-AD41-47DD-AC57-A266E76D334B}.Release|Any CPU.ActiveCfg = Release|Any CPU
		{DC82A03D-AD41-47DD-AC57-A266E76D334B}.Release|Any CPU.Build.0 = Release|Any CPU
	EndGlobalSection
	GlobalSection(SolutionProperties) = preSolution
		HideSolutionNode = FALSE
	EndGlobalSection
EndGlobal
