
Microsoft Visual Studio Solution File, Format Version 11.00
# Visual Studio 2010
Project("{FAE04EC0-301F-11D3-BF4B-00C04F79EFBC}") = "Poker", "Poker\Poker.csproj", "{D7187B96-B146-47EB-A479-A56B0974C948}"
EndProject
Global
	GlobalSection(SolutionConfigurationPlatforms) = preSolution
		Debug|x86 = Debug|x86
		Release|x86 = Release|x86
	EndGlobalSection
	GlobalSection(ProjectConfigurationPlatforms) = postSolution
		{D7187B96-B146-47EB-A479-A56B0974C948}.Debug|x86.ActiveCfg = Debug|x86
		{D7187B96-B146-47EB-A479-A56B0974C948}.Debug|x86.Build.0 = Debug|x86
		{D7187B96-B146-47EB-A479-A56B0974C948}.Release|x86.ActiveCfg = Release|x86
		{D7187B96-B146-47EB-A479-A56B0974C948}.Release|x86.Build.0 = Release|x86
	EndGlobalSection
	GlobalSection(MonoDevelopProperties) = preSolution
		StartupItem = Poker\Poker.csproj
	EndGlobalSection
EndGlobal
