
Microsoft Visual Studio Solution File, Format Version 10.00
# Visual Studio 2008
Project("{FAE04EC0-301F-11D3-BF4B-00C04F79EFBC}") = "Server", "Server\Server.csproj", "{56BFECE0-B7F6-421E-BD39-EA8F605964C7}"
EndProject
Project("{2150E333-8FDC-42A3-9474-1A3956D46DE8}") = "New Folder", "New Folder", "{77D1E63D-EB8D-449B-95AF-4DCD7A030B36}"
EndProject
Global
	GlobalSection(SolutionConfigurationPlatforms) = preSolution
		Debug|Any CPU = Debug|Any CPU
		Release|Any CPU = Release|Any CPU
	EndGlobalSection
	GlobalSection(ProjectConfigurationPlatforms) = postSolution
		{56BFECE0-B7F6-421E-BD39-EA8F605964C7}.Debug|Any CPU.ActiveCfg = Debug|Any CPU
		{56BFECE0-B7F6-421E-BD39-EA8F605964C7}.Debug|Any CPU.Build.0 = Debug|Any CPU
		{56BFECE0-B7F6-421E-BD39-EA8F605964C7}.Release|Any CPU.ActiveCfg = Release|Any CPU
		{56BFECE0-B7F6-421E-BD39-EA8F605964C7}.Release|Any CPU.Build.0 = Release|Any CPU
	EndGlobalSection
	GlobalSection(NestedProjects) = preSolution
	EndGlobalSection
	GlobalSection(MonoDevelopProperties) = preSolution
		StartupItem = Server\Server.csproj
	EndGlobalSection
	GlobalSection(SolutionProperties) = preSolution
		HideSolutionNode = FALSE
	EndGlobalSection
EndGlobal
